
Microsoft Visual Studio Solution File, Format Version 12.00
# Visual Studio 14
VisualStudioVersion = 14.0.25420.1
MinimumVisualStudioVersion = 10.0.40219.1
Project("{FAE04EC0-301F-11D3-BF4B-00C04F79EFBC}") = "BookingPlatform", "BookingPlatform\BookingPlatform.csproj", "{D0D84318-B9BE-47B0-844C-8B8F10373E96}"
EndProject
Project("{FAE04EC0-301F-11D3-BF4B-00C04F79EFBC}") = "BookingPlatform.Tests", "BookingPlatform.Tests\BookingPlatform.Tests.csproj", "{57AC5823-10B3-43BC-B57C-B978CBCDE981}"
EndProject
Project("{FAE04EC0-301F-11D3-BF4B-00C04F79EFBC}") = "BookingPlatform.Backend", "BookingPlatform.Backend\BookingPlatform.Backend.csproj", "{0AE065B1-F087-4E2A-8C56-48BABEC2E52A}"
EndProject
Project("{2150E333-8FDC-42A3-9474-1A3956D46DE8}") = "Solution Items", "Solution Items", "{8AE204DA-E52A-4401-B0B2-9BA611D05D3A}"
	ProjectSection(SolutionItems) = preProject
		gpl-3.0.txt = gpl-3.0.txt
	EndProjectSection
EndProject
Global
	GlobalSection(SolutionConfigurationPlatforms) = preSolution
		Debug|Any CPU = Debug|Any CPU
		Release|Any CPU = Release|Any CPU
	EndGlobalSection
	GlobalSection(ProjectConfigurationPlatforms) = postSolution
		{D0D84318-B9BE-47B0-844C-8B8F10373E96}.Debug|Any CPU.ActiveCfg = Debug|Any CPU
		{D0D84318-B9BE-47B0-844C-8B8F10373E96}.Debug|Any CPU.Build.0 = Debug|Any CPU
		{D0D84318-B9BE-47B0-844C-8B8F10373E96}.Release|Any CPU.ActiveCfg = Release|Any CPU
		{D0D84318-B9BE-47B0-844C-8B8F10373E96}.Release|Any CPU.Build.0 = Release|Any CPU
		{57AC5823-10B3-43BC-B57C-B978CBCDE981}.Debug|Any CPU.ActiveCfg = Debug|Any CPU
		{57AC5823-10B3-43BC-B57C-B978CBCDE981}.Debug|Any CPU.Build.0 = Debug|Any CPU
		{57AC5823-10B3-43BC-B57C-B978CBCDE981}.Release|Any CPU.ActiveCfg = Release|Any CPU
		{57AC5823-10B3-43BC-B57C-B978CBCDE981}.Release|Any CPU.Build.0 = Release|Any CPU
		{0AE065B1-F087-4E2A-8C56-48BABEC2E52A}.Debug|Any CPU.ActiveCfg = Debug|Any CPU
		{0AE065B1-F087-4E2A-8C56-48BABEC2E52A}.Debug|Any CPU.Build.0 = Debug|Any CPU
		{0AE065B1-F087-4E2A-8C56-48BABEC2E52A}.Release|Any CPU.ActiveCfg = Release|Any CPU
		{0AE065B1-F087-4E2A-8C56-48BABEC2E52A}.Release|Any CPU.Build.0 = Release|Any CPU
	EndGlobalSection
	GlobalSection(SolutionProperties) = preSolution
		HideSolutionNode = FALSE
	EndGlobalSection
EndGlobal
